
Microsoft Visual Studio Solution File, Format Version 12.00
# Visual Studio Version 17
VisualStudioVersion = 17.1.32421.90
MinimumVisualStudioVersion = 10.0.40219.1
Project("{FAE04EC0-301F-11D3-BF4B-00C04F79EFBC}") = "AddressBookSystem", "AddressBookSystem\AddressBookSystem.csproj", "{103755EE-0AF9-43F4-8F5A-EA8BBCFF4A29}"
EndProject
Global
	GlobalSection(SolutionConfigurationPlatforms) = preSolution
		Debug|Any CPU = Debug|Any CPU
		Release|Any CPU = Release|Any CPU
	EndGlobalSection
	GlobalSection(ProjectConfigurationPlatforms) = postSolution
		{103755EE-0AF9-43F4-8F5A-EA8BBCFF4A29}.Debug|Any CPU.ActiveCfg = Debug|Any CPU
		{103755EE-0AF9-43F4-8F5A-EA8BBCFF4A29}.Debug|Any CPU.Build.0 = Debug|Any CPU
		{103755EE-0AF9-43F4-8F5A-EA8BBCFF4A29}.Release|Any CPU.ActiveCfg = Release|Any CPU
		{103755EE-0AF9-43F4-8F5A-EA8BBCFF4A29}.Release|Any CPU.Build.0 = Release|Any CPU
	EndGlobalSection
	GlobalSection(SolutionProperties) = preSolution
		HideSolutionNode = FALSE
	EndGlobalSection
	GlobalSection(ExtensibilityGlobals) = postSolution
		SolutionGuid = {B5A03A0F-AAA7-4B92-9147-00A43A4E4B6B}
	EndGlobalSection
EndGlobal
