
Microsoft Visual Studio Solution File, Format Version 12.00
# Visual Studio Version 17
VisualStudioVersion = 17.1.32421.90
MinimumVisualStudioVersion = 10.0.40219.1
Project("{FAE04EC0-301F-11D3-BF4B-00C04F79EFBC}") = "practicemain", "practicemain\practicemain.csproj", "{E9729DBF-65F5-4232-8683-01373A6624E5}"
EndProject
Global
	GlobalSection(SolutionConfigurationPlatforms) = preSolution
		Debug|Any CPU = Debug|Any CPU
		Release|Any CPU = Release|Any CPU
	EndGlobalSection
	GlobalSection(ProjectConfigurationPlatforms) = postSolution
		{E9729DBF-65F5-4232-8683-01373A6624E5}.Debug|Any CPU.ActiveCfg = Debug|Any CPU
		{E9729DBF-65F5-4232-8683-01373A6624E5}.Debug|Any CPU.Build.0 = Debug|Any CPU
		{E9729DBF-65F5-4232-8683-01373A6624E5}.Release|Any CPU.ActiveCfg = Release|Any CPU
		{E9729DBF-65F5-4232-8683-01373A6624E5}.Release|Any CPU.Build.0 = Release|Any CPU
	EndGlobalSection
	GlobalSection(SolutionProperties) = preSolution
		HideSolutionNode = FALSE
	EndGlobalSection
	GlobalSection(ExtensibilityGlobals) = postSolution
		SolutionGuid = {480B2B4A-F1E0-4AF0-B06A-AA4D5FA0B028}
	EndGlobalSection
EndGlobal
